// !$*UTF8*$!
{
	archiveVersion = 1;
	classes = {
	};
	objectVersion = 55;
	objects = {

/* Begin PBXBuildFile section */
		A79B0F4610A4593575758FE5 /* Pods_covid.framework in Frameworks */ = {isa = PBXBuildFile; fileRef = 2AC6E14434E8395124650BDA /* Pods_covid.framework */; };
		C1E4C3A22811369C0032F08F /* AppDelegate.swift in Sources */ = {isa = PBXBuildFile; fileRef = C1E4C3A12811369C0032F08F /* AppDelegate.swift */; };
		C1E4C3A42811369C0032F08F /* SceneDelegate.swift in Sources */ = {isa = PBXBuildFile; fileRef = C1E4C3A32811369C0032F08F /* SceneDelegate.swift */; };
		C1E4C3A62811369C0032F08F /* ViewController.swift in Sources */ = {isa = PBXBuildFile; fileRef = C1E4C3A52811369C0032F08F /* ViewController.swift */; };
		C1E4C3A92811369C0032F08F /* Main.storyboard in Resources */ = {isa = PBXBuildFile; fileRef = C1E4C3A72811369C0032F08F /* Main.storyboard */; };
		C1E4C3AB2811369D0032F08F /* Assets.xcassets in Resources */ = {isa = PBXBuildFile; fileRef = C1E4C3AA2811369D0032F08F /* Assets.xcassets */; };
		C1E4C3AE2811369D0032F08F /* LaunchScreen.storyboard in Resources */ = {isa = PBXBuildFile; fileRef = C1E4C3AC2811369D0032F08F /* LaunchScreen.storyboard */; };
		C1E4C3B6281139FF0032F08F /* APICaller.swift in Sources */ = {isa = PBXBuildFile; fileRef = C1E4C3B5281139FF0032F08F /* APICaller.swift */; };
		C1E4C3B828114BCE0032F08F /* FilterViewController.swift in Sources */ = {isa = PBXBuildFile; fileRef = C1E4C3B728114BCE0032F08F /* FilterViewController.swift */; };
/* End PBXBuildFile section */

/* Begin PBXFileReference section */
		0BB53FA5B366AF13394012D6 /* Pods-covid.release.xcconfig */ = {isa = PBXFileReference; includeInIndex = 1; lastKnownFileType = text.xcconfig; name = "Pods-covid.release.xcconfig"; path = "Target Support Files/Pods-covid/Pods-covid.release.xcconfig"; sourceTree = "<group>"; };
		2AC6E14434E8395124650BDA /* Pods_covid.framework */ = {isa = PBXFileReference; explicitFileType = wrapper.framework; includeInIndex = 0; path = Pods_covid.framework; sourceTree = BUILT_PRODUCTS_DIR; };
		C1E4C39E2811369C0032F08F /* covid.app */ = {isa = PBXFileReference; explicitFileType = wrapper.application; includeInIndex = 0; path = covid.app; sourceTree = BUILT_PRODUCTS_DIR; };
		C1E4C3A12811369C0032F08F /* AppDelegate.swift */ = {isa = PBXFileReference; lastKnownFileType = sourcecode.swift; path = AppDelegate.swift; sourceTree = "<group>"; };
		C1E4C3A32811369C0032F08F /* SceneDelegate.swift */ = {isa = PBXFileReference; lastKnownFileType = sourcecode.swift; path = SceneDelegate.swift; sourceTree = "<group>"; };
		C1E4C3A52811369C0032F08F /* ViewController.swift */ = {isa = PBXFileReference; lastKnownFileType = sourcecode.swift; path = ViewController.swift; sourceTree = "<group>"; };
		C1E4C3A82811369C0032F08F /* Base */ = {isa = PBXFileReference; lastKnownFileType = file.storyboard; name = Base; path = Base.lproj/Main.storyboard; sourceTree = "<group>"; };
		C1E4C3AA2811369D0032F08F /* Assets.xcassets */ = {isa = PBXFileReference; lastKnownFileType = folder.assetcatalog; path = Assets.xcassets; sourceTree = "<group>"; };
		C1E4C3AD2811369D0032F08F /* Base */ = {isa = PBXFileReference; lastKnownFileType = file.storyboard; name = Base; path = Base.lproj/LaunchScreen.storyboard; sourceTree = "<group>"; };
		C1E4C3AF2811369D0032F08F /* Info.plist */ = {isa = PBXFileReference; lastKnownFileType = text.plist.xml; path = Info.plist; sourceTree = "<group>"; };
		C1E4C3B5281139FF0032F08F /* APICaller.swift */ = {isa = PBXFileReference; lastKnownFileType = sourcecode.swift; path = APICaller.swift; sourceTree = "<group>"; };
		C1E4C3B728114BCE0032F08F /* FilterViewController.swift */ = {isa = PBXFileReference; lastKnownFileType = sourcecode.swift; path = FilterViewController.swift; sourceTree = "<group>"; };
		F1FFC6CB3A463EEC27B443FA /* Pods-covid.debug.xcconfig */ = {isa = PBXFileReference; includeInIndex = 1; lastKnownFileType = text.xcconfig; name = "Pods-covid.debug.xcconfig"; path = "Target Support Files/Pods-covid/Pods-covid.debug.xcconfig"; sourceTree = "<group>"; };
/* End PBXFileReference section */

/* Begin PBXFrameworksBuildPhase section */
		C1E4C39B2811369C0032F08F /* Frameworks */ = {
			isa = PBXFrameworksBuildPhase;
			buildActionMask = 2147483647;
			files = (
				A79B0F4610A4593575758FE5 /* Pods_covid.framework in Frameworks */,
			);
			runOnlyForDeploymentPostprocessing = 0;
		};
/* End PBXFrameworksBuildPhase section */

/* Begin PBXGroup section */
		16D025F34A3442C6BAE32AA3 /* Frameworks */ = {
			isa = PBXGroup;
			children = (
				2AC6E14434E8395124650BDA /* Pods_covid.framework */,
			);
			name = Frameworks;
			sourceTree = "<group>";
		};
		50B3BE0027444478BB7F4E3F /* Pods */ = {
			isa = PBXGroup;
			children = (
				F1FFC6CB3A463EEC27B443FA /* Pods-covid.debug.xcconfig */,
				0BB53FA5B366AF13394012D6 /* Pods-covid.release.xcconfig */,
			);
			name = Pods;
			path = Pods;
			sourceTree = "<group>";
		};
		C1E4C3952811369C0032F08F = {
			isa = PBXGroup;
			children = (
				C1E4C3A02811369C0032F08F /* covid */,
				C1E4C39F2811369C0032F08F /* Products */,
				50B3BE0027444478BB7F4E3F /* Pods */,
				16D025F34A3442C6BAE32AA3 /* Frameworks */,
			);
			sourceTree = "<group>";
		};
		C1E4C39F2811369C0032F08F /* Products */ = {
			isa = PBXGroup;
			children = (
				C1E4C39E2811369C0032F08F /* covid.app */,
			);
			name = Products;
			sourceTree = "<group>";
		};
		C1E4C3A02811369C0032F08F /* covid */ = {
			isa = PBXGroup;
			children = (
				C1E4C3A12811369C0032F08F /* AppDelegate.swift */,
				C1E4C3A32811369C0032F08F /* SceneDelegate.swift */,
				C1E4C3A52811369C0032F08F /* ViewController.swift */,
				C1E4C3A72811369C0032F08F /* Main.storyboard */,
				C1E4C3AA2811369D0032F08F /* Assets.xcassets */,
				C1E4C3AC2811369D0032F08F /* LaunchScreen.storyboard */,
				C1E4C3AF2811369D0032F08F /* Info.plist */,
				C1E4C3B5281139FF0032F08F /* APICaller.swift */,
				C1E4C3B728114BCE0032F08F /* FilterViewController.swift */,
			);
			path = covid;
			sourceTree = "<group>";
		};
/* End PBXGroup section */

/* Begin PBXNativeTarget section */
		C1E4C39D2811369C0032F08F /* covid */ = {
			isa = PBXNativeTarget;
			buildConfigurationList = C1E4C3B22811369D0032F08F /* Build configuration list for PBXNativeTarget "covid" */;
			buildPhases = (
				09B7EC345E69D265F2207EBC /* [CP] Check Pods Manifest.lock */,
				C1E4C39A2811369C0032F08F /* Sources */,
				C1E4C39B2811369C0032F08F /* Frameworks */,
				C1E4C39C2811369C0032F08F /* Resources */,
				61133954944360B65965F306 /* [CP] Embed Pods Frameworks */,
			);
			buildRules = (
			);
			dependencies = (
			);
			name = covid;
			productName = covid;
			productReference = C1E4C39E2811369C0032F08F /* covid.app */;
			productType = "com.apple.product-type.application";
		};
/* End PBXNativeTarget section */

/* Begin PBXProject section */
		C1E4C3962811369C0032F08F /* Project object */ = {
			isa = PBXProject;
			attributes = {
				BuildIndependentTargetsInParallel = 1;
				LastSwiftUpdateCheck = 1310;
				LastUpgradeCheck = 1310;
				TargetAttributes = {
					C1E4C39D2811369C0032F08F = {
						CreatedOnToolsVersion = 13.1;
					};
				};
			};
			buildConfigurationList = C1E4C3992811369C0032F08F /* Build configuration list for PBXProject "covid" */;
			compatibilityVersion = "Xcode 13.0";
			developmentRegion = en;
			hasScannedForEncodings = 0;
			knownRegions = (
				en,
				Base,
			);
			mainGroup = C1E4C3952811369C0032F08F;
			productRefGroup = C1E4C39F2811369C0032F08F /* Products */;
			projectDirPath = "";
			projectRoot = "";
			targets = (
				C1E4C39D2811369C0032F08F /* covid */,
			);
		};
/* End PBXProject section */

/* Begin PBXResourcesBuildPhase section */
		C1E4C39C2811369C0032F08F /* Resources */ = {
			isa = PBXResourcesBuildPhase;
			buildActionMask = 2147483647;
			files = (
				C1E4C3AE2811369D0032F08F /* LaunchScreen.storyboard in Resources */,
				C1E4C3AB2811369D0032F08F /* Assets.xcassets in Resources */,
				C1E4C3A92811369C0032F08F /* Main.storyboard in Resources */,
			);
			runOnlyForDeploymentPostprocessing = 0;
		};
/* End PBXResourcesBuildPhase section */

/* Begin PBXShellScriptBuildPhase section */
		09B7EC345E69D265F2207EBC /* [CP] Check Pods Manifest.lock */ = {
			isa = PBXShellScriptBuildPhase;
			buildActionMask = 2147483647;
			files = (
			);
			inputFileListPaths = (
			);
			inputPaths = (
				"${PODS_PODFILE_DIR_PATH}/Podfile.lock",
				"${PODS_ROOT}/Manifest.lock",
			);
			name = "[CP] Check Pods Manifest.lock";
			outputFileListPaths = (
			);
			outputPaths = (
				"$(DERIVED_FILE_DIR)/Pods-covid-checkManifestLockResult.txt",
			);
			runOnlyForDeploymentPostprocessing = 0;
			shellPath = /bin/sh;
			shellScript = "diff \"${PODS_PODFILE_DIR_PATH}/Podfile.lock\" \"${PODS_ROOT}/Manifest.lock\" > /dev/null\nif [ $? != 0 ] ; then\n    # print error to STDERR\n    echo \"error: The sandbox is not in sync with the Podfile.lock. Run 'pod install' or update your CocoaPods installation.\" >&2\n    exit 1\nfi\n# This output is used by Xcode 'outputs' to avoid re-running this script phase.\necho \"SUCCESS\" > \"${SCRIPT_OUTPUT_FILE_0}\"\n";
			showEnvVarsInLog = 0;
		};
		61133954944360B65965F306 /* [CP] Embed Pods Frameworks */ = {
			isa = PBXShellScriptBuildPhase;
			buildActionMask = 2147483647;
			files = (
			);
			inputFileListPaths = (
				"${PODS_ROOT}/Target Support Files/Pods-covid/Pods-covid-frameworks-${CONFIGURATION}-input-files.xcfilelist",
			);
			name = "[CP] Embed Pods Frameworks";
			outputFileListPaths = (
				"${PODS_ROOT}/Target Support Files/Pods-covid/Pods-covid-frameworks-${CONFIGURATION}-output-files.xcfilelist",
			);
			runOnlyForDeploymentPostprocessing = 0;
			shellPath = /bin/sh;
			shellScript = "\"${PODS_ROOT}/Target Support Files/Pods-covid/Pods-covid-frameworks.sh\"\n";
			showEnvVarsInLog = 0;
		};
/* End PBXShellScriptBuildPhase section */

/* Begin PBXSourcesBuildPhase section */
		C1E4C39A2811369C0032F08F /* Sources */ = {
			isa = PBXSourcesBuildPhase;
			buildActionMask = 2147483647;
			files = (
				C1E4C3A62811369C0032F08F /* ViewController.swift in Sources */,
				C1E4C3A22811369C0032F08F /* AppDelegate.swift in Sources */,
				C1E4C3A42811369C0032F08F /* SceneDelegate.swift in Sources */,
				C1E4C3B6281139FF0032F08F /* APICaller.swift in Sources */,
				C1E4C3B828114BCE0032F08F /* FilterViewController.swift in Sources */,
			);
			runOnlyForDeploymentPostprocessing = 0;
		};
/* End PBXSourcesBuildPhase section */

/* Begin PBXVariantGroup section */
		C1E4C3A72811369C0032F08F /* Main.storyboard */ = {
			isa = PBXVariantGroup;
			children = (
				C1E4C3A82811369C0032F08F /* Base */,
			);
			name = Main.storyboard;
			sourceTree = "<group>";
		};
		C1E4C3AC2811369D0032F08F /* LaunchScreen.storyboard */ = {
			isa = PBXVariantGroup;
			children = (
				C1E4C3AD2811369D0032F08F /* Base */,
			);
			name = LaunchScreen.storyboard;
			sourceTree = "<group>";
		};
/* End PBXVariantGroup section */

/* Begin XCBuildConfiguration section */
		C1E4C3B02811369D0032F08F /* Debug */ = {
			isa = XCBuildConfiguration;
			buildSettings = {
				ALWAYS_SEARCH_USER_PATHS = NO;
				CLANG_ANALYZER_NONNULL = YES;
				CLANG_ANALYZER_NUMBER_OBJECT_CONVERSION = YES_AGGRESSIVE;
				CLANG_CXX_LANGUAGE_STANDARD = "gnu++17";
				CLANG_CXX_LIBRARY = "libc++";
				CLANG_ENABLE_MODULES = YES;
				CLANG_ENABLE_OBJC_ARC = YES;
				CLANG_ENABLE_OBJC_WEAK = YES;
				CLANG_WARN_BLOCK_CAPTURE_AUTORELEASING = YES;
				CLANG_WARN_BOOL_CONVERSION = YES;
				CLANG_WARN_COMMA = YES;
				CLANG_WARN_CONSTANT_CONVERSION = YES;
				CLANG_WARN_DEPRECATED_OBJC_IMPLEMENTATIONS = YES;
				CLANG_WARN_DIRECT_OBJC_ISA_USAGE = YES_ERROR;
				CLANG_WARN_DOCUMENTATION_COMMENTS = YES;
				CLANG_WARN_EMPTY_BODY = YES;
				CLANG_WARN_ENUM_CONVERSION = YES;
				CLANG_WARN_INFINITE_RECURSION = YES;
				CLANG_WARN_INT_CONVERSION = YES;
				CLANG_WARN_NON_LITERAL_NULL_CONVERSION = YES;
				CLANG_WARN_OBJC_IMPLICIT_RETAIN_SELF = YES;
				CLANG_WARN_OBJC_LITERAL_CONVERSION = YES;
				CLANG_WARN_OBJC_ROOT_CLASS = YES_ERROR;
				CLANG_WARN_QUOTED_INCLUDE_IN_FRAMEWORK_HEADER = YES;
				CLANG_WARN_RANGE_LOOP_ANALYSIS = YES;
				CLANG_WARN_STRICT_PROTOTYPES = YES;
				CLANG_WARN_SUSPICIOUS_MOVE = YES;
				CLANG_WARN_UNGUARDED_AVAILABILITY = YES_AGGRESSIVE;
				CLANG_WARN_UNREACHABLE_CODE = YES;
				CLANG_WARN__DUPLICATE_METHOD_MATCH = YES;
				COPY_PHASE_STRIP = NO;
				DEBUG_INFORMATION_FORMAT = dwarf;
				ENABLE_STRICT_OBJC_MSGSEND = YES;
				ENABLE_TESTABILITY = YES;
				GCC_C_LANGUAGE_STANDARD = gnu11;
				GCC_DYNAMIC_NO_PIC = NO;
				GCC_NO_COMMON_BLOCKS = YES;
				GCC_OPTIMIZATION_LEVEL = 0;
				GCC_PREPROCESSOR_DEFINITIONS = (
					"DEBUG=1",
					"$(inherited)",
				);
				GCC_WARN_64_TO_32_BIT_CONVERSION = YES;
				GCC_WARN_ABOUT_RETURN_TYPE = YES_ERROR;
				GCC_WARN_UNDECLARED_SELECTOR = YES;
				GCC_WARN_UNINITIALIZED_AUTOS = YES_AGGRESSIVE;
				GCC_WARN_UNUSED_FUNCTION = YES;
				GCC_WARN_UNUSED_VARIABLE = YES;
				IPHONEOS_DEPLOYMENT_TARGET = 15.0;
				MTL_ENABLE_DEBUG_INFO = INCLUDE_SOURCE;
				MTL_FAST_MATH = YES;
				ONLY_ACTIVE_ARCH = YES;
				SDKROOT = iphoneos;
				SWIFT_ACTIVE_COMPILATION_CONDITIONS = DEBUG;
				SWIFT_OPTIMIZATION_LEVEL = "-Onone";
			};
			name = Debug;
		};
		C1E4C3B12811369D0032F08F /* Release */ = {
			isa = XCBuildConfiguration;
			buildSettings = {
				ALWAYS_SEARCH_USER_PATHS = NO;
				CLANG_ANALYZER_NONNULL = YES;
				CLANG_ANALYZER_NUMBER_OBJECT_CONVERSION = YES_AGGRESSIVE;
				CLANG_CXX_LANGUAGE_STANDARD = "gnu++17";
				CLANG_CXX_LIBRARY = "libc++";
				CLANG_ENABLE_MODULES = YES;
				CLANG_ENABLE_OBJC_ARC = YES;
				CLANG_ENABLE_OBJC_WEAK = YES;
				CLANG_WARN_BLOCK_CAPTURE_AUTORELEASING = YES;
				CLANG_WARN_BOOL_CONVERSION = YES;
				CLANG_WARN_COMMA = YES;
				CLANG_WARN_CONSTANT_CONVERSION = YES;
				CLANG_WARN_DEPRECATED_OBJC_IMPLEMENTATIONS = YES;
				CLANG_WARN_DIRECT_OBJC_ISA_USAGE = YES_ERROR;
				CLANG_WARN_DOCUMENTATION_COMMENTS = YES;
				CLANG_WARN_EMPTY_BODY = YES;
				CLANG_WARN_ENUM_CONVERSION = YES;
				CLANG_WARN_INFINITE_RECURSION = YES;
				CLANG_WARN_INT_CONVERSION = YES;
				CLANG_WARN_NON_LITERAL_NULL_CONVERSION = YES;
				CLANG_WARN_OBJC_IMPLICIT_RETAIN_SELF = YES;
				CLANG_WARN_OBJC_LITERAL_CONVERSION = YES;
				CLANG_WARN_OBJC_ROOT_CLASS = YES_ERROR;
				CLANG_WARN_QUOTED_INCLUDE_IN_FRAMEWORK_HEADER = YES;
				CLANG_WARN_RANGE_LOOP_ANALYSIS = YES;
				CLANG_WARN_STRICT_PROTOTYPES = YES;
				CLANG_WARN_SUSPICIOUS_MOVE = YES;
				CLANG_WARN_UNGUARDED_AVAILABILITY = YES_AGGRESSIVE;
				CLANG_WARN_UNREACHABLE_CODE = YES;
				CLANG_WARN__DUPLICATE_METHOD_MATCH = YES;
				COPY_PHASE_STRIP = NO;
				DEBUG_INFORMATION_FORMAT = "dwarf-with-dsym";
				ENABLE_NS_ASSERTIONS = NO;
				ENABLE_STRICT_OBJC_MSGSEND = YES;
				GCC_C_LANGUAGE_STANDARD = gnu11;
				GCC_NO_COMMON_BLOCKS = YES;
				GCC_WARN_64_TO_32_BIT_CONVERSION = YES;
				GCC_WARN_ABOUT_RETURN_TYPE = YES_ERROR;
				GCC_WARN_UNDECLARED_SELECTOR = YES;
				GCC_WARN_UNINITIALIZED_AUTOS = YES_AGGRESSIVE;
				GCC_WARN_UNUSED_FUNCTION = YES;
				GCC_WARN_UNUSED_VARIABLE = YES;
				IPHONEOS_DEPLOYMENT_TARGET = 15.0;
				MTL_ENABLE_DEBUG_INFO = NO;
				MTL_FAST_MATH = YES;
				SDKROOT = iphoneos;
				SWIFT_COMPILATION_MODE = wholemodule;
				SWIFT_OPTIMIZATION_LEVEL = "-O";
				VALIDATE_PRODUCT = YES;
			};
			name = Release;
		};
		C1E4C3B32811369D0032F08F /* Debug */ = {
			isa = XCBuildConfiguration;
			baseConfigurationReference = F1FFC6CB3A463EEC27B443FA /* Pods-covid.debug.xcconfig */;
			buildSettings = {
				ASSETCATALOG_COMPILER_APPICON_NAME = AppIcon;
				ASSETCATALOG_COMPILER_GLOBAL_ACCENT_COLOR_NAME = AccentColor;
				CODE_SIGN_STYLE = Automatic;
				CURRENT_PROJECT_VERSION = 1;
				GENERATE_INFOPLIST_FILE = YES;
				INFOPLIST_FILE = covid/Info.plist;
				INFOPLIST_KEY_UIApplicationSupportsIndirectInputEvents = YES;
				INFOPLIST_KEY_UILaunchStoryboardName = LaunchScreen;
				INFOPLIST_KEY_UIMainStoryboardFile = Main;
				INFOPLIST_KEY_UISupportedInterfaceOrientations_iPad = "UIInterfaceOrientationPortrait UIInterfaceOrientationPortraitUpsideDown UIInterfaceOrientationLandscapeLeft UIInterfaceOrientationLandscapeRight";
				INFOPLIST_KEY_UISupportedInterfaceOrientations_iPhone = "UIInterfaceOrientationPortrait UIInterfaceOrientationLandscapeLeft UIInterfaceOrientationLandscapeRight";
				LD_RUNPATH_SEARCH_PATHS = (
					"$(inherited)",
					"@executable_path/Frameworks",
				);
				MARKETING_VERSION = 1.0;
				PRODUCT_BUNDLE_IDENTIFIER = hh.covid;
				PRODUCT_NAME = "$(TARGET_NAME)";
				SWIFT_EMIT_LOC_STRINGS = YES;
				SWIFT_VERSION = 5.0;
				TARGETED_DEVICE_FAMILY = "1,2";
			};
			name = Debug;
		};
		C1E4C3B42811369D0032F08F /* Release */ = {
			isa = XCBuildConfiguration;
			baseConfigurationReference = 0BB53FA5B366AF13394012D6 /* Pods-covid.release.xcconfig */;
			buildSettings = {
				ASSETCATALOG_COMPILER_APPICON_NAME = AppIcon;
				ASSETCATALOG_COMPILER_GLOBAL_ACCENT_COLOR_NAME = AccentColor;
				CODE_SIGN_STYLE = Automatic;
				CURRENT_PROJECT_VERSION = 1;
				GENERATE_INFOPLIST_FILE = YES;
				INFOPLIST_FILE = covid/Info.plist;
				INFOPLIST_KEY_UIApplicationSupportsIndirectInputEvents = YES;
				INFOPLIST_KEY_UILaunchStoryboardName = LaunchScreen;
				INFOPLIST_KEY_UIMainStoryboardFile = Main;
				INFOPLIST_KEY_UISupportedInterfaceOrientations_iPad = "UIInterfaceOrientationPortrait UIInterfaceOrientationPortraitUpsideDown UIInterfaceOrientationLandscapeLeft UIInterfaceOrientationLandscapeRight";
				INFOPLIST_KEY_UISupportedInterfaceOrientations_iPhone = "UIInterfaceOrientationPortrait UIInterfaceOrientationLandscapeLeft UIInterfaceOrientationLandscapeRight";
				LD_RUNPATH_SEARCH_PATHS = (
					"$(inherited)",
					"@executable_path/Frameworks",
				);
				MARKETING_VERSION = 1.0;
				PRODUCT_BUNDLE_IDENTIFIER = hh.covid;
				PRODUCT_NAME = "$(TARGET_NAME)";
				SWIFT_EMIT_LOC_STRINGS = YES;
				SWIFT_VERSION = 5.0;
				TARGETED_DEVICE_FAMILY = "1,2";
			};
			name = Release;
		};
/* End XCBuildConfiguration section */

/* Begin XCConfigurationList section */
		C1E4C3992811369C0032F08F /* Build configuration list for PBXProject "covid" */ = {
			isa = XCConfigurationList;
			buildConfigurations = (
				C1E4C3B02811369D0032F08F /* Debug */,
				C1E4C3B12811369D0032F08F /* Release */,
			);
			defaultConfigurationIsVisible = 0;
			defaultConfigurationName = Release;
		};
		C1E4C3B22811369D0032F08F /* Build configuration list for PBXNativeTarget "covid" */ = {
			isa = XCConfigurationList;
			buildConfigurations = (
				C1E4C3B32811369D0032F08F /* Debug */,
				C1E4C3B42811369D0032F08F /* Release */,
			);
			defaultConfigurationIsVisible = 0;
			defaultConfigurationName = Release;
		};
/* End XCConfigurationList section */
	};
	rootObject = C1E4C3962811369C0032F08F /* Project object */;
}
